// !$*UTF8*$!
{
	archiveVersion = 1;
	classes = {
	};
	objectVersion = 55;
	objects = {

/* Begin PBXBuildFile section */
		B13F046127AC6417007699AB /* Tests_iOS.swift in Sources */ = {isa = PBXBuildFile; fileRef = B13F046027AC6417007699AB /* Tests_iOS.swift */; };
		B13F046327AC6417007699AB /* Tests_iOSLaunchTests.swift in Sources */ = {isa = PBXBuildFile; fileRef = B13F046227AC6417007699AB /* Tests_iOSLaunchTests.swift */; };
		B13F046D27AC6417007699AB /* Tests_macOS.swift in Sources */ = {isa = PBXBuildFile; fileRef = B13F046C27AC6417007699AB /* Tests_macOS.swift */; };
		B13F046F27AC6417007699AB /* Tests_macOSLaunchTests.swift in Sources */ = {isa = PBXBuildFile; fileRef = B13F046E27AC6417007699AB /* Tests_macOSLaunchTests.swift */; };
		B13F047027AC6417007699AB /* sin_functionApp.swift in Sources */ = {isa = PBXBuildFile; fileRef = B13F044827AC6413007699AB /* sin_functionApp.swift */; };
		B13F047127AC6417007699AB /* sin_functionApp.swift in Sources */ = {isa = PBXBuildFile; fileRef = B13F044827AC6413007699AB /* sin_functionApp.swift */; };
		B13F047227AC6417007699AB /* ContentView.swift in Sources */ = {isa = PBXBuildFile; fileRef = B13F044927AC6413007699AB /* ContentView.swift */; };
		B13F047327AC6417007699AB /* ContentView.swift in Sources */ = {isa = PBXBuildFile; fileRef = B13F044927AC6413007699AB /* ContentView.swift */; };
		B13F047427AC6417007699AB /* Assets.xcassets in Resources */ = {isa = PBXBuildFile; fileRef = B13F044A27AC6417007699AB /* Assets.xcassets */; };
		B13F047527AC6417007699AB /* Assets.xcassets in Resources */ = {isa = PBXBuildFile; fileRef = B13F044A27AC6417007699AB /* Assets.xcassets */; };
		B13F048527AC648B007699AB /* Sin.swift in Sources */ = {isa = PBXBuildFile; fileRef = B13F048427AC648B007699AB /* Sin.swift */; };
		B13F048627AC648B007699AB /* Sin.swift in Sources */ = {isa = PBXBuildFile; fileRef = B13F048427AC648B007699AB /* Sin.swift */; };
		B13F048727AC6AA9007699AB /* Sin.swift in Sources */ = {isa = PBXBuildFile; fileRef = B13F048427AC648B007699AB /* Sin.swift */; };
		B13F048827AC6AAB007699AB /* Sin.swift in Sources */ = {isa = PBXBuildFile; fileRef = B13F048427AC648B007699AB /* Sin.swift */; };
/* End PBXBuildFile section */

/* Begin PBXContainerItemProxy section */
		B13F045D27AC6417007699AB /* PBXContainerItemProxy */ = {
			isa = PBXContainerItemProxy;
			containerPortal = B13F044327AC6413007699AB /* Project object */;
			proxyType = 1;
			remoteGlobalIDString = B13F044E27AC6417007699AB;
			remoteInfo = "sin function (iOS)";
		};
		B13F046927AC6417007699AB /* PBXContainerItemProxy */ = {
			isa = PBXContainerItemProxy;
			containerPortal = B13F044327AC6413007699AB /* Project object */;
			proxyType = 1;
			remoteGlobalIDString = B13F045427AC6417007699AB;
			remoteInfo = "sin function (macOS)";
		};
/* End PBXContainerItemProxy section */

/* Begin PBXFileReference section */
		B13F044827AC6413007699AB /* sin_functionApp.swift */ = {isa = PBXFileReference; lastKnownFileType = sourcecode.swift; path = sin_functionApp.swift; sourceTree = "<group>"; };
		B13F044927AC6413007699AB /* ContentView.swift */ = {isa = PBXFileReference; lastKnownFileType = sourcecode.swift; path = ContentView.swift; sourceTree = "<group>"; };
		B13F044A27AC6417007699AB /* Assets.xcassets */ = {isa = PBXFileReference; lastKnownFileType = folder.assetcatalog; path = Assets.xcassets; sourceTree = "<group>"; };
		B13F044F27AC6417007699AB /* sin function.app */ = {isa = PBXFileReference; explicitFileType = wrapper.application; includeInIndex = 0; path = "sin function.app"; sourceTree = BUILT_PRODUCTS_DIR; };
		B13F045527AC6417007699AB /* sin function.app */ = {isa = PBXFileReference; explicitFileType = wrapper.application; includeInIndex = 0; path = "sin function.app"; sourceTree = BUILT_PRODUCTS_DIR; };
		B13F045727AC6417007699AB /* macOS.entitlements */ = {isa = PBXFileReference; lastKnownFileType = text.plist.entitlements; path = macOS.entitlements; sourceTree = "<group>"; };
		B13F045C27AC6417007699AB /* Tests iOS.xctest */ = {isa = PBXFileReference; explicitFileType = wrapper.cfbundle; includeInIndex = 0; path = "Tests iOS.xctest"; sourceTree = BUILT_PRODUCTS_DIR; };
		B13F046027AC6417007699AB /* Tests_iOS.swift */ = {isa = PBXFileReference; lastKnownFileType = sourcecode.swift; path = Tests_iOS.swift; sourceTree = "<group>"; };
		B13F046227AC6417007699AB /* Tests_iOSLaunchTests.swift */ = {isa = PBXFileReference; lastKnownFileType = sourcecode.swift; path = Tests_iOSLaunchTests.swift; sourceTree = "<group>"; };
		B13F046827AC6417007699AB /* Tests macOS.xctest */ = {isa = PBXFileReference; explicitFileType = wrapper.cfbundle; includeInIndex = 0; path = "Tests macOS.xctest"; sourceTree = BUILT_PRODUCTS_DIR; };
		B13F046C27AC6417007699AB /* Tests_macOS.swift */ = {isa = PBXFileReference; lastKnownFileType = sourcecode.swift; path = Tests_macOS.swift; sourceTree = "<group>"; };
		B13F046E27AC6417007699AB /* Tests_macOSLaunchTests.swift */ = {isa = PBXFileReference; lastKnownFileType = sourcecode.swift; path = Tests_macOSLaunchTests.swift; sourceTree = "<group>"; };
		B13F048427AC648B007699AB /* Sin.swift */ = {isa = PBXFileReference; lastKnownFileType = sourcecode.swift; path = Sin.swift; sourceTree = "<group>"; };
/* End PBXFileReference section */

/* Begin PBXFrameworksBuildPhase section */
		B13F044C27AC6417007699AB /* Frameworks */ = {
			isa = PBXFrameworksBuildPhase;
			buildActionMask = 2147483647;
			files = (
			);
			runOnlyForDeploymentPostprocessing = 0;
		};
		B13F045227AC6417007699AB /* Frameworks */ = {
			isa = PBXFrameworksBuildPhase;
			buildActionMask = 2147483647;
			files = (
			);
			runOnlyForDeploymentPostprocessing = 0;
		};
		B13F045927AC6417007699AB /* Frameworks */ = {
			isa = PBXFrameworksBuildPhase;
			buildActionMask = 2147483647;
			files = (
			);
			runOnlyForDeploymentPostprocessing = 0;
		};
		B13F046527AC6417007699AB /* Frameworks */ = {
			isa = PBXFrameworksBuildPhase;
			buildActionMask = 2147483647;
			files = (
			);
			runOnlyForDeploymentPostprocessing = 0;
		};
/* End PBXFrameworksBuildPhase section */

/* Begin PBXGroup section */
		B13F044227AC6413007699AB = {
			isa = PBXGroup;
			children = (
				B13F044727AC6413007699AB /* Shared */,
				B13F045627AC6417007699AB /* macOS */,
				B13F045F27AC6417007699AB /* Tests iOS */,
				B13F046B27AC6417007699AB /* Tests macOS */,
				B13F045027AC6417007699AB /* Products */,
			);
			sourceTree = "<group>";
		};
		B13F044727AC6413007699AB /* Shared */ = {
			isa = PBXGroup;
			children = (
				B13F044827AC6413007699AB /* sin_functionApp.swift */,
				B13F048427AC648B007699AB /* Sin.swift */,
				B13F044927AC6413007699AB /* ContentView.swift */,
				B13F044A27AC6417007699AB /* Assets.xcassets */,
			);
			path = Shared;
			sourceTree = "<group>";
		};
		B13F045027AC6417007699AB /* Products */ = {
			isa = PBXGroup;
			children = (
				B13F044F27AC6417007699AB /* sin function.app */,
				B13F045527AC6417007699AB /* sin function.app */,
				B13F045C27AC6417007699AB /* Tests iOS.xctest */,
				B13F046827AC6417007699AB /* Tests macOS.xctest */,
			);
			name = Products;
			sourceTree = "<group>";
		};
		B13F045627AC6417007699AB /* macOS */ = {
			isa = PBXGroup;
			children = (
				B13F045727AC6417007699AB /* macOS.entitlements */,
			);
			path = macOS;
			sourceTree = "<group>";
		};
		B13F045F27AC6417007699AB /* Tests iOS */ = {
			isa = PBXGroup;
			children = (
				B13F046027AC6417007699AB /* Tests_iOS.swift */,
				B13F046227AC6417007699AB /* Tests_iOSLaunchTests.swift */,
			);
			path = "Tests iOS";
			sourceTree = "<group>";
		};
		B13F046B27AC6417007699AB /* Tests macOS */ = {
			isa = PBXGroup;
			children = (
				B13F046C27AC6417007699AB /* Tests_macOS.swift */,
				B13F046E27AC6417007699AB /* Tests_macOSLaunchTests.swift */,
			);
			path = "Tests macOS";
			sourceTree = "<group>";
		};
/* End PBXGroup section */

/* Begin PBXNativeTarget section */
		B13F044E27AC6417007699AB /* sin function (iOS) */ = {
			isa = PBXNativeTarget;
			buildConfigurationList = B13F047827AC6417007699AB /* Build configuration list for PBXNativeTarget "sin function (iOS)" */;
			buildPhases = (
				B13F044B27AC6417007699AB /* Sources */,
				B13F044C27AC6417007699AB /* Frameworks */,
				B13F044D27AC6417007699AB /* Resources */,
			);
			buildRules = (
			);
			dependencies = (
			);
			name = "sin function (iOS)";
			productName = "sin function (iOS)";
			productReference = B13F044F27AC6417007699AB /* sin function.app */;
			productType = "com.apple.product-type.application";
		};
		B13F045427AC6417007699AB /* sin function (macOS) */ = {
			isa = PBXNativeTarget;
			buildConfigurationList = B13F047B27AC6417007699AB /* Build configuration list for PBXNativeTarget "sin function (macOS)" */;
			buildPhases = (
				B13F045127AC6417007699AB /* Sources */,
				B13F045227AC6417007699AB /* Frameworks */,
				B13F045327AC6417007699AB /* Resources */,
			);
			buildRules = (
			);
			dependencies = (
			);
			name = "sin function (macOS)";
			productName = "sin function (macOS)";
			productReference = B13F045527AC6417007699AB /* sin function.app */;
			productType = "com.apple.product-type.application";
		};
		B13F045B27AC6417007699AB /* Tests iOS */ = {
			isa = PBXNativeTarget;
			buildConfigurationList = B13F047E27AC6417007699AB /* Build configuration list for PBXNativeTarget "Tests iOS" */;
			buildPhases = (
				B13F045827AC6417007699AB /* Sources */,
				B13F045927AC6417007699AB /* Frameworks */,
				B13F045A27AC6417007699AB /* Resources */,
			);
			buildRules = (
			);
			dependencies = (
				B13F045E27AC6417007699AB /* PBXTargetDependency */,
			);
			name = "Tests iOS";
			productName = "Tests iOS";
			productReference = B13F045C27AC6417007699AB /* Tests iOS.xctest */;
			productType = "com.apple.product-type.bundle.ui-testing";
		};
		B13F046727AC6417007699AB /* Tests macOS */ = {
			isa = PBXNativeTarget;
			buildConfigurationList = B13F048127AC6417007699AB /* Build configuration list for PBXNativeTarget "Tests macOS" */;
			buildPhases = (
				B13F046427AC6417007699AB /* Sources */,
				B13F046527AC6417007699AB /* Frameworks */,
				B13F046627AC6417007699AB /* Resources */,
			);
			buildRules = (
			);
			dependencies = (
				B13F046A27AC6417007699AB /* PBXTargetDependency */,
			);
			name = "Tests macOS";
			productName = "Tests macOS";
			productReference = B13F046827AC6417007699AB /* Tests macOS.xctest */;
			productType = "com.apple.product-type.bundle.ui-testing";
		};
/* End PBXNativeTarget section */

/* Begin PBXProject section */
		B13F044327AC6413007699AB /* Project object */ = {
			isa = PBXProject;
			attributes = {
				BuildIndependentTargetsInParallel = 1;
				LastSwiftUpdateCheck = 1320;
				LastUpgradeCheck = 1320;
				TargetAttributes = {
					B13F044E27AC6417007699AB = {
						CreatedOnToolsVersion = 13.2.1;
					};
					B13F045427AC6417007699AB = {
						CreatedOnToolsVersion = 13.2.1;
					};
					B13F045B27AC6417007699AB = {
						CreatedOnToolsVersion = 13.2.1;
						TestTargetID = B13F044E27AC6417007699AB;
					};
					B13F046727AC6417007699AB = {
						CreatedOnToolsVersion = 13.2.1;
						TestTargetID = B13F045427AC6417007699AB;
					};
				};
			};
			buildConfigurationList = B13F044627AC6413007699AB /* Build configuration list for PBXProject "sin function" */;
			compatibilityVersion = "Xcode 13.0";
			developmentRegion = en;
			hasScannedForEncodings = 0;
			knownRegions = (
				en,
				Base,
			);
			mainGroup = B13F044227AC6413007699AB;
			productRefGroup = B13F045027AC6417007699AB /* Products */;
			projectDirPath = "";
			projectRoot = "";
			targets = (
				B13F044E27AC6417007699AB /* sin function (iOS) */,
				B13F045427AC6417007699AB /* sin function (macOS) */,
				B13F045B27AC6417007699AB /* Tests iOS */,
				B13F046727AC6417007699AB /* Tests macOS */,
			);
		};
/* End PBXProject section */

/* Begin PBXResourcesBuildPhase section */
		B13F044D27AC6417007699AB /* Resources */ = {
			isa = PBXResourcesBuildPhase;
			buildActionMask = 2147483647;
			files = (
				B13F047427AC6417007699AB /* Assets.xcassets in Resources */,
			);
			runOnlyForDeploymentPostprocessing = 0;
		};
		B13F045327AC6417007699AB /* Resources */ = {
			isa = PBXResourcesBuildPhase;
			buildActionMask = 2147483647;
			files = (
				B13F047527AC6417007699AB /* Assets.xcassets in Resources */,
			);
			runOnlyForDeploymentPostprocessing = 0;
		};
		B13F045A27AC6417007699AB /* Resources */ = {
			isa = PBXResourcesBuildPhase;
			buildActionMask = 2147483647;
			files = (
			);
			runOnlyForDeploymentPostprocessing = 0;
		};
		B13F046627AC6417007699AB /* Resources */ = {
			isa = PBXResourcesBuildPhase;
			buildActionMask = 2147483647;
			files = (
			);
			runOnlyForDeploymentPostprocessing = 0;
		};
/* End PBXResourcesBuildPhase section */

/* Begin PBXSourcesBuildPhase section */
		B13F044B27AC6417007699AB /* Sources */ = {
			isa = PBXSourcesBuildPhase;
			buildActionMask = 2147483647;
			files = (
				B13F047227AC6417007699AB /* ContentView.swift in Sources */,
				B13F047027AC6417007699AB /* sin_functionApp.swift in Sources */,
				B13F048527AC648B007699AB /* Sin.swift in Sources */,
			);
			runOnlyForDeploymentPostprocessing = 0;
		};
		B13F045127AC6417007699AB /* Sources */ = {
			isa = PBXSourcesBuildPhase;
			buildActionMask = 2147483647;
			files = (
				B13F047327AC6417007699AB /* ContentView.swift in Sources */,
				B13F047127AC6417007699AB /* sin_functionApp.swift in Sources */,
				B13F048627AC648B007699AB /* Sin.swift in Sources */,
			);
			runOnlyForDeploymentPostprocessing = 0;
		};
		B13F045827AC6417007699AB /* Sources */ = {
			isa = PBXSourcesBuildPhase;
			buildActionMask = 2147483647;
			files = (
				B13F046327AC6417007699AB /* Tests_iOSLaunchTests.swift in Sources */,
				B13F046127AC6417007699AB /* Tests_iOS.swift in Sources */,
				B13F048827AC6AAB007699AB /* Sin.swift in Sources */,
			);
			runOnlyForDeploymentPostprocessing = 0;
		};
		B13F046427AC6417007699AB /* Sources */ = {
			isa = PBXSourcesBuildPhase;
			buildActionMask = 2147483647;
			files = (
				B13F046F27AC6417007699AB /* Tests_macOSLaunchTests.swift in Sources */,
				B13F046D27AC6417007699AB /* Tests_macOS.swift in Sources */,
				B13F048727AC6AA9007699AB /* Sin.swift in Sources */,
			);
			runOnlyForDeploymentPostprocessing = 0;
		};
/* End PBXSourcesBuildPhase section */

/* Begin PBXTargetDependency section */
		B13F045E27AC6417007699AB /* PBXTargetDependency */ = {
			isa = PBXTargetDependency;
			target = B13F044E27AC6417007699AB /* sin function (iOS) */;
			targetProxy = B13F045D27AC6417007699AB /* PBXContainerItemProxy */;
		};
		B13F046A27AC6417007699AB /* PBXTargetDependency */ = {
			isa = PBXTargetDependency;
			target = B13F045427AC6417007699AB /* sin function (macOS) */;
			targetProxy = B13F046927AC6417007699AB /* PBXContainerItemProxy */;
		};
/* End PBXTargetDependency section */

/* Begin XCBuildConfiguration section */
		B13F047627AC6417007699AB /* Debug */ = {
			isa = XCBuildConfiguration;
			buildSettings = {
				ALWAYS_SEARCH_USER_PATHS = NO;
				CLANG_ANALYZER_NONNULL = YES;
				CLANG_ANALYZER_NUMBER_OBJECT_CONVERSION = YES_AGGRESSIVE;
				CLANG_CXX_LANGUAGE_STANDARD = "gnu++17";
				CLANG_CXX_LIBRARY = "libc++";
				CLANG_ENABLE_MODULES = YES;
				CLANG_ENABLE_OBJC_ARC = YES;
				CLANG_ENABLE_OBJC_WEAK = YES;
				CLANG_WARN_BLOCK_CAPTURE_AUTORELEASING = YES;
				CLANG_WARN_BOOL_CONVERSION = YES;
				CLANG_WARN_COMMA = YES;
				CLANG_WARN_CONSTANT_CONVERSION = YES;
				CLANG_WARN_DEPRECATED_OBJC_IMPLEMENTATIONS = YES;
				CLANG_WARN_DIRECT_OBJC_ISA_USAGE = YES_ERROR;
				CLANG_WARN_DOCUMENTATION_COMMENTS = YES;
				CLANG_WARN_EMPTY_BODY = YES;
				CLANG_WARN_ENUM_CONVERSION = YES;
				CLANG_WARN_INFINITE_RECURSION = YES;
				CLANG_WARN_INT_CONVERSION = YES;
				CLANG_WARN_NON_LITERAL_NULL_CONVERSION = YES;
				CLANG_WARN_OBJC_IMPLICIT_RETAIN_SELF = YES;
				CLANG_WARN_OBJC_LITERAL_CONVERSION = YES;
				CLANG_WARN_OBJC_ROOT_CLASS = YES_ERROR;
				CLANG_WARN_QUOTED_INCLUDE_IN_FRAMEWORK_HEADER = YES;
				CLANG_WARN_RANGE_LOOP_ANALYSIS = YES;
				CLANG_WARN_STRICT_PROTOTYPES = YES;
				CLANG_WARN_SUSPICIOUS_MOVE = YES;
				CLANG_WARN_UNGUARDED_AVAILABILITY = YES_AGGRESSIVE;
				CLANG_WARN_UNREACHABLE_CODE = YES;
				CLANG_WARN__DUPLICATE_METHOD_MATCH = YES;
				COPY_PHASE_STRIP = NO;
				DEBUG_INFORMATION_FORMAT = dwarf;
				ENABLE_STRICT_OBJC_MSGSEND = YES;
				ENABLE_TESTABILITY = YES;
				GCC_C_LANGUAGE_STANDARD = gnu11;
				GCC_DYNAMIC_NO_PIC = NO;
				GCC_NO_COMMON_BLOCKS = YES;
				GCC_OPTIMIZATION_LEVEL = 0;
				GCC_PREPROCESSOR_DEFINITIONS = (
					"DEBUG=1",
					"$(inherited)",
				);
				GCC_WARN_64_TO_32_BIT_CONVERSION = YES;
				GCC_WARN_ABOUT_RETURN_TYPE = YES_ERROR;
				GCC_WARN_UNDECLARED_SELECTOR = YES;
				GCC_WARN_UNINITIALIZED_AUTOS = YES_AGGRESSIVE;
				GCC_WARN_UNUSED_FUNCTION = YES;
				GCC_WARN_UNUSED_VARIABLE = YES;
				MTL_ENABLE_DEBUG_INFO = INCLUDE_SOURCE;
				MTL_FAST_MATH = YES;
				ONLY_ACTIVE_ARCH = YES;
				SWIFT_ACTIVE_COMPILATION_CONDITIONS = DEBUG;
				SWIFT_OPTIMIZATION_LEVEL = "-Onone";
			};
			name = Debug;
		};
		B13F047727AC6417007699AB /* Release */ = {
			isa = XCBuildConfiguration;
			buildSettings = {
				ALWAYS_SEARCH_USER_PATHS = NO;
				CLANG_ANALYZER_NONNULL = YES;
				CLANG_ANALYZER_NUMBER_OBJECT_CONVERSION = YES_AGGRESSIVE;
				CLANG_CXX_LANGUAGE_STANDARD = "gnu++17";
				CLANG_CXX_LIBRARY = "libc++";
				CLANG_ENABLE_MODULES = YES;
				CLANG_ENABLE_OBJC_ARC = YES;
				CLANG_ENABLE_OBJC_WEAK = YES;
				CLANG_WARN_BLOCK_CAPTURE_AUTORELEASING = YES;
				CLANG_WARN_BOOL_CONVERSION = YES;
				CLANG_WARN_COMMA = YES;
				CLANG_WARN_CONSTANT_CONVERSION = YES;
				CLANG_WARN_DEPRECATED_OBJC_IMPLEMENTATIONS = YES;
				CLANG_WARN_DIRECT_OBJC_ISA_USAGE = YES_ERROR;
				CLANG_WARN_DOCUMENTATION_COMMENTS = YES;
				CLANG_WARN_EMPTY_BODY = YES;
				CLANG_WARN_ENUM_CONVERSION = YES;
				CLANG_WARN_INFINITE_RECURSION = YES;
				CLANG_WARN_INT_CONVERSION = YES;
				CLANG_WARN_NON_LITERAL_NULL_CONVERSION = YES;
				CLANG_WARN_OBJC_IMPLICIT_RETAIN_SELF = YES;
				CLANG_WARN_OBJC_LITERAL_CONVERSION = YES;
				CLANG_WARN_OBJC_ROOT_CLASS = YES_ERROR;
				CLANG_WARN_QUOTED_INCLUDE_IN_FRAMEWORK_HEADER = YES;
				CLANG_WARN_RANGE_LOOP_ANALYSIS = YES;
				CLANG_WARN_STRICT_PROTOTYPES = YES;
				CLANG_WARN_SUSPICIOUS_MOVE = YES;
				CLANG_WARN_UNGUARDED_AVAILABILITY = YES_AGGRESSIVE;
				CLANG_WARN_UNREACHABLE_CODE = YES;
				CLANG_WARN__DUPLICATE_METHOD_MATCH = YES;
				COPY_PHASE_STRIP = NO;
				DEBUG_INFORMATION_FORMAT = "dwarf-with-dsym";
				ENABLE_NS_ASSERTIONS = NO;
				ENABLE_STRICT_OBJC_MSGSEND = YES;
				GCC_C_LANGUAGE_STANDARD = gnu11;
				GCC_NO_COMMON_BLOCKS = YES;
				GCC_WARN_64_TO_32_BIT_CONVERSION = YES;
				GCC_WARN_ABOUT_RETURN_TYPE = YES_ERROR;
				GCC_WARN_UNDECLARED_SELECTOR = YES;
				GCC_WARN_UNINITIALIZED_AUTOS = YES_AGGRESSIVE;
				GCC_WARN_UNUSED_FUNCTION = YES;
				GCC_WARN_UNUSED_VARIABLE = YES;
				MTL_ENABLE_DEBUG_INFO = NO;
				MTL_FAST_MATH = YES;
				SWIFT_COMPILATION_MODE = wholemodule;
				SWIFT_OPTIMIZATION_LEVEL = "-O";
			};
			name = Release;
		};
		B13F047927AC6417007699AB /* Debug */ = {
			isa = XCBuildConfiguration;
			buildSettings = {
				ASSETCATALOG_COMPILER_APPICON_NAME = AppIcon;
				ASSETCATALOG_COMPILER_GLOBAL_ACCENT_COLOR_NAME = AccentColor;
				CODE_SIGN_STYLE = Automatic;
				CURRENT_PROJECT_VERSION = 1;
				ENABLE_PREVIEWS = YES;
				GENERATE_INFOPLIST_FILE = YES;
				INFOPLIST_KEY_UIApplicationSceneManifest_Generation = YES;
				INFOPLIST_KEY_UIApplicationSupportsIndirectInputEvents = YES;
				INFOPLIST_KEY_UILaunchScreen_Generation = YES;
				INFOPLIST_KEY_UISupportedInterfaceOrientations_iPad = "UIInterfaceOrientationPortrait UIInterfaceOrientationPortraitUpsideDown UIInterfaceOrientationLandscapeLeft UIInterfaceOrientationLandscapeRight";
				INFOPLIST_KEY_UISupportedInterfaceOrientations_iPhone = "UIInterfaceOrientationPortrait UIInterfaceOrientationLandscapeLeft UIInterfaceOrientationLandscapeRight";
				IPHONEOS_DEPLOYMENT_TARGET = 15.2;
				LD_RUNPATH_SEARCH_PATHS = (
					"$(inherited)",
					"@executable_path/Frameworks",
				);
				MARKETING_VERSION = 1.0;
				PRODUCT_BUNDLE_IDENTIFIER = "IIT.sin-function";
				PRODUCT_NAME = "sin function";
				SDKROOT = iphoneos;
				SWIFT_EMIT_LOC_STRINGS = YES;
				SWIFT_VERSION = 5.0;
				TARGETED_DEVICE_FAMILY = "1,2";
			};
			name = Debug;
		};
		B13F047A27AC6417007699AB /* Release */ = {
			isa = XCBuildConfiguration;
			buildSettings = {
				ASSETCATALOG_COMPILER_APPICON_NAME = AppIcon;
				ASSETCATALOG_COMPILER_GLOBAL_ACCENT_COLOR_NAME = AccentColor;
				CODE_SIGN_STYLE = Automatic;
				CURRENT_PROJECT_VERSION = 1;
				ENABLE_PREVIEWS = YES;
				GENERATE_INFOPLIST_FILE = YES;
				INFOPLIST_KEY_UIApplicationSceneManifest_Generation = YES;
				INFOPLIST_KEY_UIApplicationSupportsIndirectInputEvents = YES;
				INFOPLIST_KEY_UILaunchScreen_Generation = YES;
				INFOPLIST_KEY_UISupportedInterfaceOrientations_iPad = "UIInterfaceOrientationPortrait UIInterfaceOrientationPortraitUpsideDown UIInterfaceOrientationLandscapeLeft UIInterfaceOrientationLandscapeRight";
				INFOPLIST_KEY_UISupportedInterfaceOrientations_iPhone = "UIInterfaceOrientationPortrait UIInterfaceOrientationLandscapeLeft UIInterfaceOrientationLandscapeRight";
				IPHONEOS_DEPLOYMENT_TARGET = 15.2;
				LD_RUNPATH_SEARCH_PATHS = (
					"$(inherited)",
					"@executable_path/Frameworks",
				);
				MARKETING_VERSION = 1.0;
				PRODUCT_BUNDLE_IDENTIFIER = "IIT.sin-function";
				PRODUCT_NAME = "sin function";
				SDKROOT = iphoneos;
				SWIFT_EMIT_LOC_STRINGS = YES;
				SWIFT_VERSION = 5.0;
				TARGETED_DEVICE_FAMILY = "1,2";
				VALIDATE_PRODUCT = YES;
			};
			name = Release;
		};
		B13F047C27AC6417007699AB /* Debug */ = {
			isa = XCBuildConfiguration;
			buildSettings = {
				ASSETCATALOG_COMPILER_APPICON_NAME = AppIcon;
				ASSETCATALOG_COMPILER_GLOBAL_ACCENT_COLOR_NAME = AccentColor;
				CODE_SIGN_ENTITLEMENTS = macOS/macOS.entitlements;
				CODE_SIGN_STYLE = Automatic;
				COMBINE_HIDPI_IMAGES = YES;
				CURRENT_PROJECT_VERSION = 1;
				ENABLE_PREVIEWS = YES;
				GENERATE_INFOPLIST_FILE = YES;
				INFOPLIST_KEY_NSHumanReadableCopyright = "";
				LD_RUNPATH_SEARCH_PATHS = (
					"$(inherited)",
					"@executable_path/../Frameworks",
				);
				MACOSX_DEPLOYMENT_TARGET = 12.1;
				MARKETING_VERSION = 1.0;
				PRODUCT_BUNDLE_IDENTIFIER = "IIT.sin-function";
				PRODUCT_NAME = "sin function";
				SDKROOT = macosx;
				SWIFT_EMIT_LOC_STRINGS = YES;
				SWIFT_VERSION = 5.0;
			};
			name = Debug;
		};
		B13F047D27AC6417007699AB /* Release */ = {
			isa = XCBuildConfiguration;
			buildSettings = {
				ASSETCATALOG_COMPILER_APPICON_NAME = AppIcon;
				ASSETCATALOG_COMPILER_GLOBAL_ACCENT_COLOR_NAME = AccentColor;
				CODE_SIGN_ENTITLEMENTS = macOS/macOS.entitlements;
				CODE_SIGN_STYLE = Automatic;
				COMBINE_HIDPI_IMAGES = YES;
				CURRENT_PROJECT_VERSION = 1;
				ENABLE_PREVIEWS = YES;
				GENERATE_INFOPLIST_FILE = YES;
				INFOPLIST_KEY_NSHumanReadableCopyright = "";
				LD_RUNPATH_SEARCH_PATHS = (
					"$(inherited)",
					"@executable_path/../Frameworks",
				);
				MACOSX_DEPLOYMENT_TARGET = 12.1;
				MARKETING_VERSION = 1.0;
				PRODUCT_BUNDLE_IDENTIFIER = "IIT.sin-function";
				PRODUCT_NAME = "sin function";
				SDKROOT = macosx;
				SWIFT_EMIT_LOC_STRINGS = YES;
				SWIFT_VERSION = 5.0;
			};
			name = Release;
		};
		B13F047F27AC6417007699AB /* Debug */ = {
			isa = XCBuildConfiguration;
			buildSettings = {
				ALWAYS_EMBED_SWIFT_STANDARD_LIBRARIES = YES;
				CODE_SIGN_STYLE = Automatic;
				CURRENT_PROJECT_VERSION = 1;
				GENERATE_INFOPLIST_FILE = YES;
				IPHONEOS_DEPLOYMENT_TARGET = 15.2;
				MARKETING_VERSION = 1.0;
				PRODUCT_BUNDLE_IDENTIFIER = "IIT.Tests-iOS";
				PRODUCT_NAME = "$(TARGET_NAME)";
				SDKROOT = iphoneos;
				SWIFT_EMIT_LOC_STRINGS = NO;
				SWIFT_VERSION = 5.0;
				TARGETED_DEVICE_FAMILY = "1,2";
				TEST_TARGET_NAME = "sin function (iOS)";
			};
			name = Debug;
		};
		B13F048027AC6417007699AB /* Release */ = {
			isa = XCBuildConfiguration;
			buildSettings = {
				ALWAYS_EMBED_SWIFT_STANDARD_LIBRARIES = YES;
				CODE_SIGN_STYLE = Automatic;
				CURRENT_PROJECT_VERSION = 1;
				GENERATE_INFOPLIST_FILE = YES;
				IPHONEOS_DEPLOYMENT_TARGET = 15.2;
				MARKETING_VERSION = 1.0;
				PRODUCT_BUNDLE_IDENTIFIER = "IIT.Tests-iOS";
				PRODUCT_NAME = "$(TARGET_NAME)";
				SDKROOT = iphoneos;
				SWIFT_EMIT_LOC_STRINGS = NO;
				SWIFT_VERSION = 5.0;
				TARGETED_DEVICE_FAMILY = "1,2";
				TEST_TARGET_NAME = "sin function (iOS)";
				VALIDATE_PRODUCT = YES;
			};
			name = Release;
		};
		B13F048227AC6417007699AB /* Debug */ = {
			isa = XCBuildConfiguration;
			buildSettings = {
				ALWAYS_EMBED_SWIFT_STANDARD_LIBRARIES = YES;
				CODE_SIGN_STYLE = Automatic;
				CURRENT_PROJECT_VERSION = 1;
				GENERATE_INFOPLIST_FILE = YES;
				MACOSX_DEPLOYMENT_TARGET = 12.1;
				MARKETING_VERSION = 1.0;
				PRODUCT_BUNDLE_IDENTIFIER = "IIT.Tests-macOS";
				PRODUCT_NAME = "$(TARGET_NAME)";
				SDKROOT = macosx;
				SWIFT_EMIT_LOC_STRINGS = NO;
				SWIFT_VERSION = 5.0;
				TEST_TARGET_NAME = "sin function (macOS)";
			};
			name = Debug;
		};
		B13F048327AC6417007699AB /* Release */ = {
			isa = XCBuildConfiguration;
			buildSettings = {
				ALWAYS_EMBED_SWIFT_STANDARD_LIBRARIES = YES;
				CODE_SIGN_STYLE = Automatic;
				CURRENT_PROJECT_VERSION = 1;
				GENERATE_INFOPLIST_FILE = YES;
				MACOSX_DEPLOYMENT_TARGET = 12.1;
				MARKETING_VERSION = 1.0;
				PRODUCT_BUNDLE_IDENTIFIER = "IIT.Tests-macOS";
				PRODUCT_NAME = "$(TARGET_NAME)";
				SDKROOT = macosx;
				SWIFT_EMIT_LOC_STRINGS = NO;
				SWIFT_VERSION = 5.0;
				TEST_TARGET_NAME = "sin function (macOS)";
			};
			name = Release;
		};
/* End XCBuildConfiguration section */

/* Begin XCConfigurationList section */
		B13F044627AC6413007699AB /* Build configuration list for PBXProject "sin function" */ = {
			isa = XCConfigurationList;
			buildConfigurations = (
				B13F047627AC6417007699AB /* Debug */,
				B13F047727AC6417007699AB /* Release */,
			);
			defaultConfigurationIsVisible = 0;
			defaultConfigurationName = Release;
		};
		B13F047827AC6417007699AB /* Build configuration list for PBXNativeTarget "sin function (iOS)" */ = {
			isa = XCConfigurationList;
			buildConfigurations = (
				B13F047927AC6417007699AB /* Debug */,
				B13F047A27AC6417007699AB /* Release */,
			);
			defaultConfigurationIsVisible = 0;
			defaultConfigurationName = Release;
		};
		B13F047B27AC6417007699AB /* Build configuration list for PBXNativeTarget "sin function (macOS)" */ = {
			isa = XCConfigurationList;
			buildConfigurations = (
				B13F047C27AC6417007699AB /* Debug */,
				B13F047D27AC6417007699AB /* Release */,
			);
			defaultConfigurationIsVisible = 0;
			defaultConfigurationName = Release;
		};
		B13F047E27AC6417007699AB /* Build configuration list for PBXNativeTarget "Tests iOS" */ = {
			isa = XCConfigurationList;
			buildConfigurations = (
				B13F047F27AC6417007699AB /* Debug */,
				B13F048027AC6417007699AB /* Release */,
			);
			defaultConfigurationIsVisible = 0;
			defaultConfigurationName = Release;
		};
		B13F048127AC6417007699AB /* Build configuration list for PBXNativeTarget "Tests macOS" */ = {
			isa = XCConfigurationList;
			buildConfigurations = (
				B13F048227AC6417007699AB /* Debug */,
				B13F048327AC6417007699AB /* Release */,
			);
			defaultConfigurationIsVisible = 0;
			defaultConfigurationName = Release;
		};
/* End XCConfigurationList section */
	};
	rootObject = B13F044327AC6413007699AB /* Project object */;
}
